
Microsoft Visual Studio Solution File, Format Version 12.00
# Visual Studio Version 17
VisualStudioVersion = 17.13.35913.81
MinimumVisualStudioVersion = 10.0.40219.1
Project("{FAE04EC0-301F-11D3-BF4B-00C04F79EFBC}") = "DataAccessLayer", "DataAccessLayer\DataAccessLayer.csproj", "{27125A04-8BE7-40E4-8F16-DED7D68BD954}"
EndProject
Project("{FAE04EC0-301F-11D3-BF4B-00C04F79EFBC}") = "BusinessLogicLayer", "BusinessLogicLayer\BusinessLogicLayer.csproj", "{DC686453-6840-43CD-823A-AD4A28910621}"
EndProject
Project("{FAE04EC0-301F-11D3-BF4B-00C04F79EFBC}") = "PresentationLayer", "PresentationLayer\PresentationLayer.csproj", "{46B1A721-9521-42F4-BEE2-BA4AE70D08E1}"
EndProject
Global
	GlobalSection(SolutionConfigurationPlatforms) = preSolution
		Debug|Any CPU = Debug|Any CPU
		Release|Any CPU = Release|Any CPU
	EndGlobalSection
	GlobalSection(ProjectConfigurationPlatforms) = postSolution
		{27125A04-8BE7-40E4-8F16-DED7D68BD954}.Debug|Any CPU.ActiveCfg = Debug|Any CPU
		{27125A04-8BE7-40E4-8F16-DED7D68BD954}.Debug|Any CPU.Build.0 = Debug|Any CPU
		{27125A04-8BE7-40E4-8F16-DED7D68BD954}.Release|Any CPU.ActiveCfg = Release|Any CPU
		{27125A04-8BE7-40E4-8F16-DED7D68BD954}.Release|Any CPU.Build.0 = Release|Any CPU
		{DC686453-6840-43CD-823A-AD4A28910621}.Debug|Any CPU.ActiveCfg = Debug|Any CPU
		{DC686453-6840-43CD-823A-AD4A28910621}.Debug|Any CPU.Build.0 = Debug|Any CPU
		{DC686453-6840-43CD-823A-AD4A28910621}.Release|Any CPU.ActiveCfg = Release|Any CPU
		{DC686453-6840-43CD-823A-AD4A28910621}.Release|Any CPU.Build.0 = Release|Any CPU
		{46B1A721-9521-42F4-BEE2-BA4AE70D08E1}.Debug|Any CPU.ActiveCfg = Debug|Any CPU
		{46B1A721-9521-42F4-BEE2-BA4AE70D08E1}.Debug|Any CPU.Build.0 = Debug|Any CPU
		{46B1A721-9521-42F4-BEE2-BA4AE70D08E1}.Release|Any CPU.ActiveCfg = Release|Any CPU
		{46B1A721-9521-42F4-BEE2-BA4AE70D08E1}.Release|Any CPU.Build.0 = Release|Any CPU
	EndGlobalSection
	GlobalSection(SolutionProperties) = preSolution
		HideSolutionNode = FALSE
	EndGlobalSection
	GlobalSection(ExtensibilityGlobals) = postSolution
		SolutionGuid = {D6171A66-BC2B-4BE8-AB6F-6E21762D8355}
	EndGlobalSection
EndGlobal
